# This file is autogenerated, do not edit; changes may be undone by the next 'dep ensure'.


[[projects]]
  name = "github.com/pelletier/go-toml"
  packages = ["."]
  revision = "acdc4509485b587f5e675510c4f2c63e90ff68a8"
  version = "v1.1.0"

[[projects]]
  name = "github.com/pkg/errors"
  packages = ["."]
  revision = "645ef00459ed84a119197bfb8d8205042c6df63d"
  version = "v0.8.0"

[[projects]]
  branch = "master"
  name = "github.com/remeh/sizedwaitgroup"
  packages = ["."]
  revision = "5582a674300c427060d06980c142aeb52ed20040"

[solve-meta]
  analyzer-name = "dep"
  analyzer-version = 1
  inputs-digest = "f44db3ee1a628f87c4db86dae18fa61bcd17a0da60bf2a1d9da8e03872525a87"
  solver-name = "gps-cdcl"
  solver-version = 1
